<?xml version="1.0" encoding="utf-8"?>
<Project ToolsVersion="4.0" xmlns="http://schemas.microsoft.com/developer/msbuild/2003">
  <Import Project="LVGL.Portable.vcxitems.filters" />
  <Import Project="LVGL.Drivers.vcxitems.filters" />
  <ItemGroup>
    <ClInclude Include="lv_conf.h" />
    <ClInclude Include="lv_drv_conf.h" />
    <ClInclude Include="my\my_gui.h" />
  </ItemGroup>
  <ItemGroup>
    <Manifest Include="LVGL.Simulator.manifest" />
  </ItemGroup>
  <ItemGroup>
    <ClInclude Include="Mile.Project.Properties.h" />
    <ClInclude Include="resource.h" />
  </ItemGroup>
  <ItemGroup>
    <ClCompile Include="LVGL.Simulator.c" />
    <ClCompile Include="my\my_gui.c" />
    <ClCompile Include="my\OIP.c" />
    <ClCompile Include="my\test .c" />
    <ClCompile Include="my\lcv.c" />
    <ClCompile Include="my\tec.c" />
    <ClCompile Include="my\tes.c" />
    <ClCompile Include="my\musicbox_frame.c" />
    <ClCompile Include="my\musicbox_col.c" />
    <ClCompile Include="my\musicbox_img.c" />
    <ClCompile Include="my\music_sound.c" />
    <ClCompile Include="my\music_pause.c" />
    <ClCompile Include="my\music_player.c" />
    <ClCompile Include="my\music_paly.c" />
  </ItemGroup>
  <ItemGroup>
    <ResourceCompile Include="LVGL.Simulator.rc" />
  </ItemGroup>
  <ItemGroup>
    <Image Include="LVGL.ico" />
  </ItemGroup>
  <ItemGroup>
    <None Include="freetype.props" />
    <None Include="cpp.hint" />
  </ItemGroup>
</Project>